
Microsoft Visual Studio Solution File, Format Version 12.00
# Visual Studio Version 17
VisualStudioVersion = 17.8.34330.188
MinimumVisualStudioVersion = 10.0.40219.1
Project("{FAE04EC0-301F-11D3-BF4B-00C04F79EFBC}") = "Project.Domain", "Project.Domain.csproj", "{F4599F4D-B6B7-4C18-B1A7-48BD40F1E6B9}"
EndProject
Global
	GlobalSection(SolutionConfigurationPlatforms) = preSolution
		Debug|Any CPU = Debug|Any CPU
		Release|Any CPU = Release|Any CPU
	EndGlobalSection
	GlobalSection(ProjectConfigurationPlatforms) = postSolution
		{F4599F4D-B6B7-4C18-B1A7-48BD40F1E6B9}.Debug|Any CPU.ActiveCfg = Debug|Any CPU
		{F4599F4D-B6B7-4C18-B1A7-48BD40F1E6B9}.Debug|Any CPU.Build.0 = Debug|Any CPU
		{F4599F4D-B6B7-4C18-B1A7-48BD40F1E6B9}.Release|Any CPU.ActiveCfg = Release|Any CPU
		{F4599F4D-B6B7-4C18-B1A7-48BD40F1E6B9}.Release|Any CPU.Build.0 = Release|Any CPU
	EndGlobalSection
	GlobalSection(SolutionProperties) = preSolution
		HideSolutionNode = FALSE
	EndGlobalSection
	GlobalSection(ExtensibilityGlobals) = postSolution
		SolutionGuid = {429161CD-614E-4FA3-8FCB-D06BA5C5F222}
	EndGlobalSection
EndGlobal
